
Microsoft Visual Studio Solution File, Format Version 11.00
# Visual C# Express 2010
Project("{FAE04EC0-301F-11D3-BF4B-00C04F79EFBC}") = "AgendaPingoAPI", "AgendaPingoAPI\AgendaPingoAPI.csproj", "{948813A7-B3E6-466B-BB1F-AD707F650C2B}"
EndProject
Global
	GlobalSection(SolutionConfigurationPlatforms) = preSolution
		Debug|x86 = Debug|x86
		Release|x86 = Release|x86
	EndGlobalSection
	GlobalSection(ProjectConfigurationPlatforms) = postSolution
		{948813A7-B3E6-466B-BB1F-AD707F650C2B}.Debug|x86.ActiveCfg = Debug|x86
		{948813A7-B3E6-466B-BB1F-AD707F650C2B}.Debug|x86.Build.0 = Debug|x86
		{948813A7-B3E6-466B-BB1F-AD707F650C2B}.Release|x86.ActiveCfg = Release|x86
		{948813A7-B3E6-466B-BB1F-AD707F650C2B}.Release|x86.Build.0 = Release|x86
	EndGlobalSection
	GlobalSection(SolutionProperties) = preSolution
		HideSolutionNode = FALSE
	EndGlobalSection
EndGlobal
